
Microsoft Visual Studio Solution File, Format Version 12.00
# Visual Studio Version 17
VisualStudioVersion = 17.3.32929.385
MinimumVisualStudioVersion = 10.0.40219.1
Project("{FAE04EC0-301F-11D3-BF4B-00C04F79EFBC}") = "11.6FinalProject", "11.6FinalProject\11.6FinalProject.csproj", "{E476626A-9CC9-4142-AA1E-52F68514ED09}"
EndProject
Global
	GlobalSection(SolutionConfigurationPlatforms) = preSolution
		Debug|Any CPU = Debug|Any CPU
		Release|Any CPU = Release|Any CPU
	EndGlobalSection
	GlobalSection(ProjectConfigurationPlatforms) = postSolution
		{E476626A-9CC9-4142-AA1E-52F68514ED09}.Debug|Any CPU.ActiveCfg = Debug|Any CPU
		{E476626A-9CC9-4142-AA1E-52F68514ED09}.Debug|Any CPU.Build.0 = Debug|Any CPU
		{E476626A-9CC9-4142-AA1E-52F68514ED09}.Release|Any CPU.ActiveCfg = Release|Any CPU
		{E476626A-9CC9-4142-AA1E-52F68514ED09}.Release|Any CPU.Build.0 = Release|Any CPU
	EndGlobalSection
	GlobalSection(SolutionProperties) = preSolution
		HideSolutionNode = FALSE
	EndGlobalSection
	GlobalSection(ExtensibilityGlobals) = postSolution
		SolutionGuid = {730EB2E0-D47B-44F1-A4DE-7FD5D447928A}
	EndGlobalSection
EndGlobal
